
Microsoft Visual Studio Solution File, Format Version 12.00
# Visual Studio Version 17
VisualStudioVersion = 17.5.002.0
MinimumVisualStudioVersion = 10.0.40219.1
Project("{9A19103F-16F7-4668-BE54-9A1E7A4F7556}") = "BankAPI", "BankAPI.csproj", "{B81F90CC-8DD8-461B-B607-0750B4B20110}"
EndProject
Global
	GlobalSection(SolutionConfigurationPlatforms) = preSolution
		Debug|Any CPU = Debug|Any CPU
		Release|Any CPU = Release|Any CPU
	EndGlobalSection
	GlobalSection(ProjectConfigurationPlatforms) = postSolution
		{B81F90CC-8DD8-461B-B607-0750B4B20110}.Debug|Any CPU.ActiveCfg = Debug|Any CPU
		{B81F90CC-8DD8-461B-B607-0750B4B20110}.Debug|Any CPU.Build.0 = Debug|Any CPU
		{B81F90CC-8DD8-461B-B607-0750B4B20110}.Release|Any CPU.ActiveCfg = Release|Any CPU
		{B81F90CC-8DD8-461B-B607-0750B4B20110}.Release|Any CPU.Build.0 = Release|Any CPU
	EndGlobalSection
	GlobalSection(SolutionProperties) = preSolution
		HideSolutionNode = FALSE
	EndGlobalSection
	GlobalSection(ExtensibilityGlobals) = postSolution
		SolutionGuid = {61867AB9-9400-493E-8A36-945C96E58202}
	EndGlobalSection
EndGlobal
